{
  "object": {
    "pins": [
      {
        "package": "SocketIO",
        "repositoryURL": "https://github.com/socketio/socket.io-client-swift",
        "state": {
          "branch": null,
          "revision": "19a177485d7bfce06fc9dc847eecb049e4d078e1",
          "version": "14.0.0"
        }
      },
      {
        "package": "Starscream",
        "repositoryURL": "https://github.com/daltoniam/Starscream",
        "state": {
          "branch": null,
          "revision": "ebdc260ea64e68f7569c62e8744b5cd15d3a49d6",
          "version": "3.0.6"
        }
      }
    ]
  },
  "version": 1
}
